
Microsoft Visual Studio Solution File, Format Version 12.00
# Visual Studio Version 17
VisualStudioVersion = 17.5.002.0
MinimumVisualStudioVersion = 10.0.40219.1
Project("{9A19103F-16F7-4668-BE54-9A1E7A4F7556}") = "apifuncionario", "apifuncionario.csproj", "{8565A1FE-E0B5-4609-B748-C28C66C3C6E9}"
EndProject
Global
	GlobalSection(SolutionConfigurationPlatforms) = preSolution
		Debug|Any CPU = Debug|Any CPU
		Release|Any CPU = Release|Any CPU
	EndGlobalSection
	GlobalSection(ProjectConfigurationPlatforms) = postSolution
		{8565A1FE-E0B5-4609-B748-C28C66C3C6E9}.Debug|Any CPU.ActiveCfg = Debug|Any CPU
		{8565A1FE-E0B5-4609-B748-C28C66C3C6E9}.Debug|Any CPU.Build.0 = Debug|Any CPU
		{8565A1FE-E0B5-4609-B748-C28C66C3C6E9}.Release|Any CPU.ActiveCfg = Release|Any CPU
		{8565A1FE-E0B5-4609-B748-C28C66C3C6E9}.Release|Any CPU.Build.0 = Release|Any CPU
	EndGlobalSection
	GlobalSection(SolutionProperties) = preSolution
		HideSolutionNode = FALSE
	EndGlobalSection
	GlobalSection(ExtensibilityGlobals) = postSolution
		SolutionGuid = {6D2C14FE-4404-43BD-BAD3-57624F4DCA18}
	EndGlobalSection
EndGlobal
